
Microsoft Visual Studio Solution File, Format Version 12.00
# Visual Studio Version 17
VisualStudioVersion = 17.3.32901.215
MinimumVisualStudioVersion = 10.0.40219.1
Project("{FAE04EC0-301F-11D3-BF4B-00C04F79EFBC}") = "M", "M\M.csproj", "{1C65DAF8-D83A-4C0E-A6FB-0FB9D772AC49}"
EndProject
Project("{FAE04EC0-301F-11D3-BF4B-00C04F79EFBC}") = "Shared", "Shared\Shared.csproj", "{5126E4C4-EFD7-41D3-8260-A92A4103B34F}"
EndProject
Project("{FAE04EC0-301F-11D3-BF4B-00C04F79EFBC}") = "P", "P\P.csproj", "{104A5DE2-93FB-40E3-A492-9A9C610F070F}"
EndProject
Project("{FAE04EC0-301F-11D3-BF4B-00C04F79EFBC}") = "WindowsFormsView", "WindowsFormsView\WindowsFormsView.csproj", "{3D256DB3-5AB3-4B17-A62C-E5A193EB0A88}"
EndProject
Project("{FAE04EC0-301F-11D3-BF4B-00C04F79EFBC}") = "ConsoleView", "ConsoleView\ConsoleView.csproj", "{19CBA8C6-AC8C-4819-BE47-EEB3B807BD17}"
EndProject
Global
	GlobalSection(SolutionConfigurationPlatforms) = preSolution
		Debug|Any CPU = Debug|Any CPU
		Release|Any CPU = Release|Any CPU
	EndGlobalSection
	GlobalSection(ProjectConfigurationPlatforms) = postSolution
		{1C65DAF8-D83A-4C0E-A6FB-0FB9D772AC49}.Debug|Any CPU.ActiveCfg = Debug|Any CPU
		{1C65DAF8-D83A-4C0E-A6FB-0FB9D772AC49}.Debug|Any CPU.Build.0 = Debug|Any CPU
		{1C65DAF8-D83A-4C0E-A6FB-0FB9D772AC49}.Release|Any CPU.ActiveCfg = Release|Any CPU
		{1C65DAF8-D83A-4C0E-A6FB-0FB9D772AC49}.Release|Any CPU.Build.0 = Release|Any CPU
		{5126E4C4-EFD7-41D3-8260-A92A4103B34F}.Debug|Any CPU.ActiveCfg = Debug|Any CPU
		{5126E4C4-EFD7-41D3-8260-A92A4103B34F}.Debug|Any CPU.Build.0 = Debug|Any CPU
		{5126E4C4-EFD7-41D3-8260-A92A4103B34F}.Release|Any CPU.ActiveCfg = Release|Any CPU
		{5126E4C4-EFD7-41D3-8260-A92A4103B34F}.Release|Any CPU.Build.0 = Release|Any CPU
		{104A5DE2-93FB-40E3-A492-9A9C610F070F}.Debug|Any CPU.ActiveCfg = Debug|Any CPU
		{104A5DE2-93FB-40E3-A492-9A9C610F070F}.Debug|Any CPU.Build.0 = Debug|Any CPU
		{104A5DE2-93FB-40E3-A492-9A9C610F070F}.Release|Any CPU.ActiveCfg = Release|Any CPU
		{104A5DE2-93FB-40E3-A492-9A9C610F070F}.Release|Any CPU.Build.0 = Release|Any CPU
		{3D256DB3-5AB3-4B17-A62C-E5A193EB0A88}.Debug|Any CPU.ActiveCfg = Debug|Any CPU
		{3D256DB3-5AB3-4B17-A62C-E5A193EB0A88}.Debug|Any CPU.Build.0 = Debug|Any CPU
		{3D256DB3-5AB3-4B17-A62C-E5A193EB0A88}.Release|Any CPU.ActiveCfg = Release|Any CPU
		{3D256DB3-5AB3-4B17-A62C-E5A193EB0A88}.Release|Any CPU.Build.0 = Release|Any CPU
		{19CBA8C6-AC8C-4819-BE47-EEB3B807BD17}.Debug|Any CPU.ActiveCfg = Debug|Any CPU
		{19CBA8C6-AC8C-4819-BE47-EEB3B807BD17}.Debug|Any CPU.Build.0 = Debug|Any CPU
		{19CBA8C6-AC8C-4819-BE47-EEB3B807BD17}.Release|Any CPU.ActiveCfg = Release|Any CPU
		{19CBA8C6-AC8C-4819-BE47-EEB3B807BD17}.Release|Any CPU.Build.0 = Release|Any CPU
	EndGlobalSection
	GlobalSection(SolutionProperties) = preSolution
		HideSolutionNode = FALSE
	EndGlobalSection
	GlobalSection(ExtensibilityGlobals) = postSolution
		SolutionGuid = {B7109A2B-A23E-4E94-8E6B-6EA6DCAC700B}
	EndGlobalSection
EndGlobal
